
Microsoft Visual Studio Solution File, Format Version 12.00
# Visual Studio Version 17
VisualStudioVersion = 17.3.32819.101
MinimumVisualStudioVersion = 10.0.40219.1
Project("{9A19103F-16F7-4668-BE54-9A1E7A4F7556}") = "kataPrac", "kataPrac\kataPrac.csproj", "{5FABCF2A-4765-458F-ACCB-1C559BAF872D}"
EndProject
Project("{FAE04EC0-301F-11D3-BF4B-00C04F79EFBC}") = "KataPrac.Tests", "KataPrac.Tests\KataPrac.Tests.csproj", "{6E5A09CD-3EDB-4C23-8D9E-18ADFB52EF14}"
EndProject
Global
	GlobalSection(SolutionConfigurationPlatforms) = preSolution
		Debug|Any CPU = Debug|Any CPU
		Release|Any CPU = Release|Any CPU
	EndGlobalSection
	GlobalSection(ProjectConfigurationPlatforms) = postSolution
		{5FABCF2A-4765-458F-ACCB-1C559BAF872D}.Debug|Any CPU.ActiveCfg = Debug|Any CPU
		{5FABCF2A-4765-458F-ACCB-1C559BAF872D}.Debug|Any CPU.Build.0 = Debug|Any CPU
		{5FABCF2A-4765-458F-ACCB-1C559BAF872D}.Release|Any CPU.ActiveCfg = Release|Any CPU
		{5FABCF2A-4765-458F-ACCB-1C559BAF872D}.Release|Any CPU.Build.0 = Release|Any CPU
		{6E5A09CD-3EDB-4C23-8D9E-18ADFB52EF14}.Debug|Any CPU.ActiveCfg = Debug|Any CPU
		{6E5A09CD-3EDB-4C23-8D9E-18ADFB52EF14}.Debug|Any CPU.Build.0 = Debug|Any CPU
		{6E5A09CD-3EDB-4C23-8D9E-18ADFB52EF14}.Release|Any CPU.ActiveCfg = Release|Any CPU
		{6E5A09CD-3EDB-4C23-8D9E-18ADFB52EF14}.Release|Any CPU.Build.0 = Release|Any CPU
	EndGlobalSection
	GlobalSection(SolutionProperties) = preSolution
		HideSolutionNode = FALSE
	EndGlobalSection
	GlobalSection(ExtensibilityGlobals) = postSolution
		SolutionGuid = {5108FB24-DA75-4CAC-9A9B-EBA8699504A6}
	EndGlobalSection
EndGlobal
